{
  "name": "card-sarcophagus",
  "version": "1.0.0",
  "lockfileVersion": 1,
  "requires": true,
  "dependencies": {
    "@nestjs/mapped-types": {
      "version": "1.0.0",
      "resolved": "https://registry.npmjs.org/@nestjs/mapped-types/-/mapped-types-1.0.0.tgz",
      "integrity": "sha512-26AW5jHadLXtvHs+M+Agd9KZ92dDlBrmD0rORlBlvn2KvsWs4JRaKl2mUsrW7YsdZeAu3Hc4ukqyYyDdyCmMWQ=="
    },
    "husky": {
      "version": "7.0.4",
      "resolved": "https://registry.npmjs.org/husky/-/husky-7.0.4.tgz",
      "integrity": "sha512-vbaCKN2QLtP/vD4yvs6iz6hBEo6wkSzs8HpRah1Z6aGmF2KW5PdYuAd7uX5a+OyBZHBhd+TFLqgjUgytQr4RvQ==",
      "dev": true
    }
  }
}
