# THIS IS AN AUTOGENERATED FILE. DO NOT EDIT THIS FILE DIRECTLY.
# yarn lockfile v1


"@nestjs/mapped-types@*":
  version "1.0.0"
  resolved "https://registry.yarnpkg.com/@nestjs/mapped-types/-/mapped-types-1.0.0.tgz#52a0441795f6da8144a35970d3ebc19281f31cfd"
  integrity sha512-26AW5jHadLXtvHs+M+Agd9KZ92dDlBrmD0rORlBlvn2KvsWs4JRaKl2mUsrW7YsdZeAu3Hc4ukqyYyDdyCmMWQ==

husky@^7.0.0:
  version "7.0.4"
  resolved "https://registry.yarnpkg.com/husky/-/husky-7.0.4.tgz#242048245dc49c8fb1bf0cc7cfb98dd722531535"
  integrity sha512-vbaCKN2QLtP/vD4yvs6iz6hBEo6wkSzs8HpRah1Z6aGmF2KW5PdYuAd7uX5a+OyBZHBhd+TFLqgjUgytQr4RvQ==
